
Microsoft Visual Studio Solution File, Format Version 12.00
# Visual Studio Version 16
VisualStudioVersion = 16.0.31005.135
MinimumVisualStudioVersion = 10.0.40219.1
Project("{FAE04EC0-301F-11D3-BF4B-00C04F79EFBC}") = "HelloWorld5", "HelloWorld5\HelloWorld5.csproj", "{63CDFB6D-C0AD-4021-945B-B18C92A1E45E}"
EndProject
Global
	GlobalSection(SolutionConfigurationPlatforms) = preSolution
		Debug|Any CPU = Debug|Any CPU
		Release|Any CPU = Release|Any CPU
	EndGlobalSection
	GlobalSection(ProjectConfigurationPlatforms) = postSolution
		{63CDFB6D-C0AD-4021-945B-B18C92A1E45E}.Debug|Any CPU.ActiveCfg = Debug|Any CPU
		{63CDFB6D-C0AD-4021-945B-B18C92A1E45E}.Debug|Any CPU.Build.0 = Debug|Any CPU
		{63CDFB6D-C0AD-4021-945B-B18C92A1E45E}.Release|Any CPU.ActiveCfg = Release|Any CPU
		{63CDFB6D-C0AD-4021-945B-B18C92A1E45E}.Release|Any CPU.Build.0 = Release|Any CPU
	EndGlobalSection
	GlobalSection(SolutionProperties) = preSolution
		HideSolutionNode = FALSE
	EndGlobalSection
	GlobalSection(ExtensibilityGlobals) = postSolution
		SolutionGuid = {5803AB8C-C237-46D0-8213-20C98DC233A4}
	EndGlobalSection
EndGlobal
